
Microsoft Visual Studio Solution File, Format Version 12.00
# Visual Studio Version 17
VisualStudioVersion = 17.8.34408.163
MinimumVisualStudioVersion = 10.0.40219.1
Project("{FAE04EC0-301F-11D3-BF4B-00C04F79EFBC}") = "Design pattern , Solid class Interface", "Design pattern , Solid class Interface\Design pattern , Solid class Interface.csproj", "{0345BA48-C70F-49FA-845E-70A43D403F9E}"
EndProject
Project("{FAE04EC0-301F-11D3-BF4B-00C04F79EFBC}") = "Dependency-Inversion", "Dependency-Inversion\Dependency-Inversion.csproj", "{FB9FBED9-A64D-4AC0-96AA-4C719D9C6C30}"
EndProject
Project("{FAE04EC0-301F-11D3-BF4B-00C04F79EFBC}") = "abstractPattern", "abstractpatern\abstractPattern.csproj", "{87DFFF86-933D-4294-ADF4-2D71EB46CD3F}"
EndProject
Project("{FAE04EC0-301F-11D3-BF4B-00C04F79EFBC}") = "Main_Abstarct_Pattern", "Main\Main_Abstarct_Pattern.csproj", "{1E0920FC-F4EA-4DB7-8AC5-8EE6D27C1C94}"
EndProject
Project("{FAE04EC0-301F-11D3-BF4B-00C04F79EFBC}") = "Design_ObserverPattern", "ObserverPattern\Design_ObserverPattern.csproj", "{2AADDA78-2938-4E21-9B8A-39B700FFA323}"
EndProject
Global
	GlobalSection(SolutionConfigurationPlatforms) = preSolution
		Debug|Any CPU = Debug|Any CPU
		Release|Any CPU = Release|Any CPU
	EndGlobalSection
	GlobalSection(ProjectConfigurationPlatforms) = postSolution
		{0345BA48-C70F-49FA-845E-70A43D403F9E}.Debug|Any CPU.ActiveCfg = Debug|Any CPU
		{0345BA48-C70F-49FA-845E-70A43D403F9E}.Debug|Any CPU.Build.0 = Debug|Any CPU
		{0345BA48-C70F-49FA-845E-70A43D403F9E}.Release|Any CPU.ActiveCfg = Release|Any CPU
		{0345BA48-C70F-49FA-845E-70A43D403F9E}.Release|Any CPU.Build.0 = Release|Any CPU
		{FB9FBED9-A64D-4AC0-96AA-4C719D9C6C30}.Debug|Any CPU.ActiveCfg = Debug|Any CPU
		{FB9FBED9-A64D-4AC0-96AA-4C719D9C6C30}.Debug|Any CPU.Build.0 = Debug|Any CPU
		{FB9FBED9-A64D-4AC0-96AA-4C719D9C6C30}.Release|Any CPU.ActiveCfg = Release|Any CPU
		{FB9FBED9-A64D-4AC0-96AA-4C719D9C6C30}.Release|Any CPU.Build.0 = Release|Any CPU
		{87DFFF86-933D-4294-ADF4-2D71EB46CD3F}.Debug|Any CPU.ActiveCfg = Debug|Any CPU
		{87DFFF86-933D-4294-ADF4-2D71EB46CD3F}.Debug|Any CPU.Build.0 = Debug|Any CPU
		{87DFFF86-933D-4294-ADF4-2D71EB46CD3F}.Release|Any CPU.ActiveCfg = Release|Any CPU
		{87DFFF86-933D-4294-ADF4-2D71EB46CD3F}.Release|Any CPU.Build.0 = Release|Any CPU
		{1E0920FC-F4EA-4DB7-8AC5-8EE6D27C1C94}.Debug|Any CPU.ActiveCfg = Debug|Any CPU
		{1E0920FC-F4EA-4DB7-8AC5-8EE6D27C1C94}.Debug|Any CPU.Build.0 = Debug|Any CPU
		{1E0920FC-F4EA-4DB7-8AC5-8EE6D27C1C94}.Release|Any CPU.ActiveCfg = Release|Any CPU
		{1E0920FC-F4EA-4DB7-8AC5-8EE6D27C1C94}.Release|Any CPU.Build.0 = Release|Any CPU
		{2AADDA78-2938-4E21-9B8A-39B700FFA323}.Debug|Any CPU.ActiveCfg = Debug|Any CPU
		{2AADDA78-2938-4E21-9B8A-39B700FFA323}.Debug|Any CPU.Build.0 = Debug|Any CPU
		{2AADDA78-2938-4E21-9B8A-39B700FFA323}.Release|Any CPU.ActiveCfg = Release|Any CPU
		{2AADDA78-2938-4E21-9B8A-39B700FFA323}.Release|Any CPU.Build.0 = Release|Any CPU
	EndGlobalSection
	GlobalSection(SolutionProperties) = preSolution
		HideSolutionNode = FALSE
	EndGlobalSection
	GlobalSection(ExtensibilityGlobals) = postSolution
		SolutionGuid = {404FA8D3-C3E5-4E4D-8B2C-A7928B72D0E1}
	EndGlobalSection
EndGlobal
